// !$*UTF8*$!
{
	archiveVersion = 1;
	classes = {
	};
	objectVersion = 51;
	objects = {

/* Begin PBXBuildFile section */
		37D6B783135CBFF1B7D45BED /* Pods_ShoppingAppTests.framework in Frameworks */ = {isa = PBXBuildFile; fileRef = 0420CF33BAA1948C07917F34 /* Pods_ShoppingAppTests.framework */; };
		68593FD42479935A00F45FA3 /* AppDelegate.swift in Sources */ = {isa = PBXBuildFile; fileRef = 68593FD32479935A00F45FA3 /* AppDelegate.swift */; };
		68593FD62479935A00F45FA3 /* SceneDelegate.swift in Sources */ = {isa = PBXBuildFile; fileRef = 68593FD52479935A00F45FA3 /* SceneDelegate.swift */; };
		68593FDB2479935A00F45FA3 /* Main.storyboard in Resources */ = {isa = PBXBuildFile; fileRef = 68593FD92479935A00F45FA3 /* Main.storyboard */; };
		68593FDD2479935D00F45FA3 /* Assets.xcassets in Resources */ = {isa = PBXBuildFile; fileRef = 68593FDC2479935D00F45FA3 /* Assets.xcassets */; };
		68593FE02479935D00F45FA3 /* LaunchScreen.storyboard in Resources */ = {isa = PBXBuildFile; fileRef = 68593FDE2479935D00F45FA3 /* LaunchScreen.storyboard */; };
		68593FEB2479935D00F45FA3 /* ShoppingAppTests.swift in Sources */ = {isa = PBXBuildFile; fileRef = 68593FEA2479935D00F45FA3 /* ShoppingAppTests.swift */; };
		685940012479A41A00F45FA3 /* SearchViewController.swift in Sources */ = {isa = PBXBuildFile; fileRef = 685940002479A41A00F45FA3 /* SearchViewController.swift */; };
		685940052479A52E00F45FA3 /* ProductDetailViewController.swift in Sources */ = {isa = PBXBuildFile; fileRef = 685940042479A52E00F45FA3 /* ProductDetailViewController.swift */; };
		685940072479A6D200F45FA3 /* SearchViewModel.swift in Sources */ = {isa = PBXBuildFile; fileRef = 685940062479A6D200F45FA3 /* SearchViewModel.swift */; };
		685940092479BD9B00F45FA3 /* ApiService.swift in Sources */ = {isa = PBXBuildFile; fileRef = 685940082479BD9B00F45FA3 /* ApiService.swift */; };
		6859400B2479BE7F00F45FA3 /* Product.swift in Sources */ = {isa = PBXBuildFile; fileRef = 6859400A2479BE7F00F45FA3 /* Product.swift */; };
		6859400E2479EDA300F45FA3 /* SearchTableViewCell.swift in Sources */ = {isa = PBXBuildFile; fileRef = 6859400D2479EDA300F45FA3 /* SearchTableViewCell.swift */; };
		685940102479EF1A00F45FA3 /* Bindable.swift in Sources */ = {isa = PBXBuildFile; fileRef = 6859400F2479EF1A00F45FA3 /* Bindable.swift */; };
		685940122479FEB300F45FA3 /* HomeViewController.swift in Sources */ = {isa = PBXBuildFile; fileRef = 685940112479FEB300F45FA3 /* HomeViewController.swift */; };
		68594015247B197600F45FA3 /* Constants.swift in Sources */ = {isa = PBXBuildFile; fileRef = 68594014247B197600F45FA3 /* Constants.swift */; };
		68594017247B4C2D00F45FA3 /* ProductViewModel.swift in Sources */ = {isa = PBXBuildFile; fileRef = 68594016247B4C2D00F45FA3 /* ProductViewModel.swift */; };
		C50C5945C293AC94E3CF0ABD /* Pods_ShoppingApp.framework in Frameworks */ = {isa = PBXBuildFile; fileRef = D19BCC4A0A41564731A5CFE2 /* Pods_ShoppingApp.framework */; };
/* End PBXBuildFile section */

/* Begin PBXContainerItemProxy section */
		68593FE72479935D00F45FA3 /* PBXContainerItemProxy */ = {
			isa = PBXContainerItemProxy;
			containerPortal = 68593FC82479935A00F45FA3 /* Project object */;
			proxyType = 1;
			remoteGlobalIDString = 68593FCF2479935A00F45FA3;
			remoteInfo = ShoppingApp;
		};
/* End PBXContainerItemProxy section */

/* Begin PBXFileReference section */
		0420CF33BAA1948C07917F34 /* Pods_ShoppingAppTests.framework */ = {isa = PBXFileReference; explicitFileType = wrapper.framework; includeInIndex = 0; path = Pods_ShoppingAppTests.framework; sourceTree = BUILT_PRODUCTS_DIR; };
		35CA204F46C3E8DEBA5A0613 /* Pods-ShoppingAppTests.release.xcconfig */ = {isa = PBXFileReference; includeInIndex = 1; lastKnownFileType = text.xcconfig; name = "Pods-ShoppingAppTests.release.xcconfig"; path = "Target Support Files/Pods-ShoppingAppTests/Pods-ShoppingAppTests.release.xcconfig"; sourceTree = "<group>"; };
		68593FD02479935A00F45FA3 /* ShoppingApp.app */ = {isa = PBXFileReference; explicitFileType = wrapper.application; includeInIndex = 0; path = ShoppingApp.app; sourceTree = BUILT_PRODUCTS_DIR; };
		68593FD32479935A00F45FA3 /* AppDelegate.swift */ = {isa = PBXFileReference; lastKnownFileType = sourcecode.swift; path = AppDelegate.swift; sourceTree = "<group>"; };
		68593FD52479935A00F45FA3 /* SceneDelegate.swift */ = {isa = PBXFileReference; lastKnownFileType = sourcecode.swift; path = SceneDelegate.swift; sourceTree = "<group>"; };
		68593FDA2479935A00F45FA3 /* Base */ = {isa = PBXFileReference; lastKnownFileType = file.storyboard; name = Base; path = Base.lproj/Main.storyboard; sourceTree = "<group>"; };
		68593FDC2479935D00F45FA3 /* Assets.xcassets */ = {isa = PBXFileReference; lastKnownFileType = folder.assetcatalog; path = Assets.xcassets; sourceTree = "<group>"; };
		68593FDF2479935D00F45FA3 /* Base */ = {isa = PBXFileReference; lastKnownFileType = file.storyboard; name = Base; path = Base.lproj/LaunchScreen.storyboard; sourceTree = "<group>"; };
		68593FE12479935D00F45FA3 /* Info.plist */ = {isa = PBXFileReference; lastKnownFileType = text.plist.xml; path = Info.plist; sourceTree = "<group>"; };
		68593FE62479935D00F45FA3 /* ShoppingAppTests.xctest */ = {isa = PBXFileReference; explicitFileType = wrapper.cfbundle; includeInIndex = 0; path = ShoppingAppTests.xctest; sourceTree = BUILT_PRODUCTS_DIR; };
		68593FEA2479935D00F45FA3 /* ShoppingAppTests.swift */ = {isa = PBXFileReference; lastKnownFileType = sourcecode.swift; path = ShoppingAppTests.swift; sourceTree = "<group>"; };
		68593FEC2479935D00F45FA3 /* Info.plist */ = {isa = PBXFileReference; lastKnownFileType = text.plist.xml; path = Info.plist; sourceTree = "<group>"; };
		685940002479A41A00F45FA3 /* SearchViewController.swift */ = {isa = PBXFileReference; lastKnownFileType = sourcecode.swift; path = SearchViewController.swift; sourceTree = "<group>"; };
		685940042479A52E00F45FA3 /* ProductDetailViewController.swift */ = {isa = PBXFileReference; lastKnownFileType = sourcecode.swift; path = ProductDetailViewController.swift; sourceTree = "<group>"; };
		685940062479A6D200F45FA3 /* SearchViewModel.swift */ = {isa = PBXFileReference; lastKnownFileType = sourcecode.swift; path = SearchViewModel.swift; sourceTree = "<group>"; };
		685940082479BD9B00F45FA3 /* ApiService.swift */ = {isa = PBXFileReference; lastKnownFileType = sourcecode.swift; path = ApiService.swift; sourceTree = "<group>"; };
		6859400A2479BE7F00F45FA3 /* Product.swift */ = {isa = PBXFileReference; lastKnownFileType = sourcecode.swift; path = Product.swift; sourceTree = "<group>"; };
		6859400D2479EDA300F45FA3 /* SearchTableViewCell.swift */ = {isa = PBXFileReference; lastKnownFileType = sourcecode.swift; path = SearchTableViewCell.swift; sourceTree = "<group>"; };
		6859400F2479EF1A00F45FA3 /* Bindable.swift */ = {isa = PBXFileReference; lastKnownFileType = sourcecode.swift; path = Bindable.swift; sourceTree = "<group>"; };
		685940112479FEB300F45FA3 /* HomeViewController.swift */ = {isa = PBXFileReference; lastKnownFileType = sourcecode.swift; path = HomeViewController.swift; sourceTree = "<group>"; };
		68594014247B197600F45FA3 /* Constants.swift */ = {isa = PBXFileReference; lastKnownFileType = sourcecode.swift; path = Constants.swift; sourceTree = "<group>"; };
		68594016247B4C2D00F45FA3 /* ProductViewModel.swift */ = {isa = PBXFileReference; lastKnownFileType = sourcecode.swift; path = ProductViewModel.swift; sourceTree = "<group>"; };
		C0388E4C3484CD3A503635C8 /* Pods-ShoppingApp.debug.xcconfig */ = {isa = PBXFileReference; includeInIndex = 1; lastKnownFileType = text.xcconfig; name = "Pods-ShoppingApp.debug.xcconfig"; path = "Target Support Files/Pods-ShoppingApp/Pods-ShoppingApp.debug.xcconfig"; sourceTree = "<group>"; };
		CD54E3D7426CEB823E946A5E /* Pods-ShoppingApp.release.xcconfig */ = {isa = PBXFileReference; includeInIndex = 1; lastKnownFileType = text.xcconfig; name = "Pods-ShoppingApp.release.xcconfig"; path = "Target Support Files/Pods-ShoppingApp/Pods-ShoppingApp.release.xcconfig"; sourceTree = "<group>"; };
		D19BCC4A0A41564731A5CFE2 /* Pods_ShoppingApp.framework */ = {isa = PBXFileReference; explicitFileType = wrapper.framework; includeInIndex = 0; path = Pods_ShoppingApp.framework; sourceTree = BUILT_PRODUCTS_DIR; };
		EDB95537A181682F6E16FEBD /* Pods-ShoppingAppTests.debug.xcconfig */ = {isa = PBXFileReference; includeInIndex = 1; lastKnownFileType = text.xcconfig; name = "Pods-ShoppingAppTests.debug.xcconfig"; path = "Target Support Files/Pods-ShoppingAppTests/Pods-ShoppingAppTests.debug.xcconfig"; sourceTree = "<group>"; };
/* End PBXFileReference section */

/* Begin PBXFrameworksBuildPhase section */
		68593FCD2479935A00F45FA3 /* Frameworks */ = {
			isa = PBXFrameworksBuildPhase;
			buildActionMask = 2147483647;
			files = (
				C50C5945C293AC94E3CF0ABD /* Pods_ShoppingApp.framework in Frameworks */,
			);
			runOnlyForDeploymentPostprocessing = 0;
		};
		68593FE32479935D00F45FA3 /* Frameworks */ = {
			isa = PBXFrameworksBuildPhase;
			buildActionMask = 2147483647;
			files = (
				37D6B783135CBFF1B7D45BED /* Pods_ShoppingAppTests.framework in Frameworks */,
			);
			runOnlyForDeploymentPostprocessing = 0;
		};
/* End PBXFrameworksBuildPhase section */

/* Begin PBXGroup section */
		5801758570E2E3CA24F0064C /* Frameworks */ = {
			isa = PBXGroup;
			children = (
				D19BCC4A0A41564731A5CFE2 /* Pods_ShoppingApp.framework */,
				0420CF33BAA1948C07917F34 /* Pods_ShoppingAppTests.framework */,
			);
			name = Frameworks;
			sourceTree = "<group>";
		};
		68593FC72479935A00F45FA3 = {
			isa = PBXGroup;
			children = (
				68593FD22479935A00F45FA3 /* ShoppingApp */,
				68593FE92479935D00F45FA3 /* ShoppingAppTests */,
				68593FD12479935A00F45FA3 /* Products */,
				BDDEB79A1AD0823B809B37A8 /* Pods */,
				5801758570E2E3CA24F0064C /* Frameworks */,
			);
			sourceTree = "<group>";
		};
		68593FD12479935A00F45FA3 /* Products */ = {
			isa = PBXGroup;
			children = (
				68593FD02479935A00F45FA3 /* ShoppingApp.app */,
				68593FE62479935D00F45FA3 /* ShoppingAppTests.xctest */,
			);
			name = Products;
			sourceTree = "<group>";
		};
		68593FD22479935A00F45FA3 /* ShoppingApp */ = {
			isa = PBXGroup;
			children = (
				68593FF52479A10500F45FA3 /* ViewControllers */,
				6859400C2479ED6800F45FA3 /* Views */,
				68593FF62479A11200F45FA3 /* ViewModels */,
				68593FF72479A14200F45FA3 /* Models */,
				68593FF82479A1D700F45FA3 /* Network */,
				68593FFA2479A24900F45FA3 /* Resources */,
				68594013247B195B00F45FA3 /* Utils */,
				68593FF92479A20700F45FA3 /* AppDelegate */,
				68593FFB2479A26C00F45FA3 /* Supporting Files */,
			);
			path = ShoppingApp;
			sourceTree = "<group>";
		};
		68593FE92479935D00F45FA3 /* ShoppingAppTests */ = {
			isa = PBXGroup;
			children = (
				68593FEA2479935D00F45FA3 /* ShoppingAppTests.swift */,
				68593FEC2479935D00F45FA3 /* Info.plist */,
			);
			path = ShoppingAppTests;
			sourceTree = "<group>";
		};
		68593FF52479A10500F45FA3 /* ViewControllers */ = {
			isa = PBXGroup;
			children = (
				685940112479FEB300F45FA3 /* HomeViewController.swift */,
				685940002479A41A00F45FA3 /* SearchViewController.swift */,
				685940042479A52E00F45FA3 /* ProductDetailViewController.swift */,
			);
			path = ViewControllers;
			sourceTree = "<group>";
		};
		68593FF62479A11200F45FA3 /* ViewModels */ = {
			isa = PBXGroup;
			children = (
				6859400F2479EF1A00F45FA3 /* Bindable.swift */,
				685940062479A6D200F45FA3 /* SearchViewModel.swift */,
				68594016247B4C2D00F45FA3 /* ProductViewModel.swift */,
			);
			path = ViewModels;
			sourceTree = "<group>";
		};
		68593FF72479A14200F45FA3 /* Models */ = {
			isa = PBXGroup;
			children = (
				6859400A2479BE7F00F45FA3 /* Product.swift */,
			);
			path = Models;
			sourceTree = "<group>";
		};
		68593FF82479A1D700F45FA3 /* Network */ = {
			isa = PBXGroup;
			children = (
				685940082479BD9B00F45FA3 /* ApiService.swift */,
			);
			path = Network;
			sourceTree = "<group>";
		};
		68593FF92479A20700F45FA3 /* AppDelegate */ = {
			isa = PBXGroup;
			children = (
				68593FD32479935A00F45FA3 /* AppDelegate.swift */,
				68593FD52479935A00F45FA3 /* SceneDelegate.swift */,
			);
			path = AppDelegate;
			sourceTree = "<group>";
		};
		68593FFA2479A24900F45FA3 /* Resources */ = {
			isa = PBXGroup;
			children = (
				68593FFD2479A29900F45FA3 /* Storyboard */,
				68593FFC2479A28700F45FA3 /* Images */,
			);
			path = Resources;
			sourceTree = "<group>";
		};
		68593FFB2479A26C00F45FA3 /* Supporting Files */ = {
			isa = PBXGroup;
			children = (
				68593FE12479935D00F45FA3 /* Info.plist */,
			);
			path = "Supporting Files";
			sourceTree = "<group>";
		};
		68593FFC2479A28700F45FA3 /* Images */ = {
			isa = PBXGroup;
			children = (
				68593FDC2479935D00F45FA3 /* Assets.xcassets */,
			);
			path = Images;
			sourceTree = "<group>";
		};
		68593FFD2479A29900F45FA3 /* Storyboard */ = {
			isa = PBXGroup;
			children = (
				68593FD92479935A00F45FA3 /* Main.storyboard */,
				68593FDE2479935D00F45FA3 /* LaunchScreen.storyboard */,
			);
			path = Storyboard;
			sourceTree = "<group>";
		};
		6859400C2479ED6800F45FA3 /* Views */ = {
			isa = PBXGroup;
			children = (
				6859400D2479EDA300F45FA3 /* SearchTableViewCell.swift */,
			);
			path = Views;
			sourceTree = "<group>";
		};
		68594013247B195B00F45FA3 /* Utils */ = {
			isa = PBXGroup;
			children = (
				68594014247B197600F45FA3 /* Constants.swift */,
			);
			path = Utils;
			sourceTree = "<group>";
		};
		BDDEB79A1AD0823B809B37A8 /* Pods */ = {
			isa = PBXGroup;
			children = (
				C0388E4C3484CD3A503635C8 /* Pods-ShoppingApp.debug.xcconfig */,
				CD54E3D7426CEB823E946A5E /* Pods-ShoppingApp.release.xcconfig */,
				EDB95537A181682F6E16FEBD /* Pods-ShoppingAppTests.debug.xcconfig */,
				35CA204F46C3E8DEBA5A0613 /* Pods-ShoppingAppTests.release.xcconfig */,
			);
			path = Pods;
			sourceTree = "<group>";
		};
/* End PBXGroup section */

/* Begin PBXNativeTarget section */
		68593FCF2479935A00F45FA3 /* ShoppingApp */ = {
			isa = PBXNativeTarget;
			buildConfigurationList = 68593FEF2479935D00F45FA3 /* Build configuration list for PBXNativeTarget "ShoppingApp" */;
			buildPhases = (
				F7D16A5BF2B265D59EBE7A3A /* [CP] Check Pods Manifest.lock */,
				68593FCC2479935A00F45FA3 /* Sources */,
				68593FCD2479935A00F45FA3 /* Frameworks */,
				68593FCE2479935A00F45FA3 /* Resources */,
				803186415DC7EB72CC027316 /* [CP] Embed Pods Frameworks */,
			);
			buildRules = (
			);
			dependencies = (
			);
			name = ShoppingApp;
			productName = ShoppingApp;
			productReference = 68593FD02479935A00F45FA3 /* ShoppingApp.app */;
			productType = "com.apple.product-type.application";
		};
		68593FE52479935D00F45FA3 /* ShoppingAppTests */ = {
			isa = PBXNativeTarget;
			buildConfigurationList = 68593FF22479935D00F45FA3 /* Build configuration list for PBXNativeTarget "ShoppingAppTests" */;
			buildPhases = (
				AD873698B308537A50AF2E3D /* [CP] Check Pods Manifest.lock */,
				68593FE22479935D00F45FA3 /* Sources */,
				68593FE32479935D00F45FA3 /* Frameworks */,
				68593FE42479935D00F45FA3 /* Resources */,
			);
			buildRules = (
			);
			dependencies = (
				68593FE82479935D00F45FA3 /* PBXTargetDependency */,
			);
			name = ShoppingAppTests;
			productName = ShoppingAppTests;
			productReference = 68593FE62479935D00F45FA3 /* ShoppingAppTests.xctest */;
			productType = "com.apple.product-type.bundle.unit-test";
		};
/* End PBXNativeTarget section */

/* Begin PBXProject section */
		68593FC82479935A00F45FA3 /* Project object */ = {
			isa = PBXProject;
			attributes = {
				LastSwiftUpdateCheck = 1150;
				LastUpgradeCheck = 1150;
				ORGANIZATIONNAME = "Jonathan Garcia";
				TargetAttributes = {
					68593FCF2479935A00F45FA3 = {
						CreatedOnToolsVersion = 11.5;
					};
					68593FE52479935D00F45FA3 = {
						CreatedOnToolsVersion = 11.5;
						TestTargetID = 68593FCF2479935A00F45FA3;
					};
				};
			};
			buildConfigurationList = 68593FCB2479935A00F45FA3 /* Build configuration list for PBXProject "ShoppingApp" */;
			compatibilityVersion = "Xcode 9.3";
			developmentRegion = en;
			hasScannedForEncodings = 0;
			knownRegions = (
				en,
				Base,
			);
			mainGroup = 68593FC72479935A00F45FA3;
			productRefGroup = 68593FD12479935A00F45FA3 /* Products */;
			projectDirPath = "";
			projectRoot = "";
			targets = (
				68593FCF2479935A00F45FA3 /* ShoppingApp */,
				68593FE52479935D00F45FA3 /* ShoppingAppTests */,
			);
		};
/* End PBXProject section */

/* Begin PBXResourcesBuildPhase section */
		68593FCE2479935A00F45FA3 /* Resources */ = {
			isa = PBXResourcesBuildPhase;
			buildActionMask = 2147483647;
			files = (
				68593FE02479935D00F45FA3 /* LaunchScreen.storyboard in Resources */,
				68593FDD2479935D00F45FA3 /* Assets.xcassets in Resources */,
				68593FDB2479935A00F45FA3 /* Main.storyboard in Resources */,
			);
			runOnlyForDeploymentPostprocessing = 0;
		};
		68593FE42479935D00F45FA3 /* Resources */ = {
			isa = PBXResourcesBuildPhase;
			buildActionMask = 2147483647;
			files = (
			);
			runOnlyForDeploymentPostprocessing = 0;
		};
/* End PBXResourcesBuildPhase section */

/* Begin PBXShellScriptBuildPhase section */
		803186415DC7EB72CC027316 /* [CP] Embed Pods Frameworks */ = {
			isa = PBXShellScriptBuildPhase;
			buildActionMask = 2147483647;
			files = (
			);
			inputFileListPaths = (
				"${PODS_ROOT}/Target Support Files/Pods-ShoppingApp/Pods-ShoppingApp-frameworks-${CONFIGURATION}-input-files.xcfilelist",
			);
			name = "[CP] Embed Pods Frameworks";
			outputFileListPaths = (
				"${PODS_ROOT}/Target Support Files/Pods-ShoppingApp/Pods-ShoppingApp-frameworks-${CONFIGURATION}-output-files.xcfilelist",
			);
			runOnlyForDeploymentPostprocessing = 0;
			shellPath = /bin/sh;
			shellScript = "\"${PODS_ROOT}/Target Support Files/Pods-ShoppingApp/Pods-ShoppingApp-frameworks.sh\"\n";
			showEnvVarsInLog = 0;
		};
		AD873698B308537A50AF2E3D /* [CP] Check Pods Manifest.lock */ = {
			isa = PBXShellScriptBuildPhase;
			buildActionMask = 2147483647;
			files = (
			);
			inputFileListPaths = (
			);
			inputPaths = (
				"${PODS_PODFILE_DIR_PATH}/Podfile.lock",
				"${PODS_ROOT}/Manifest.lock",
			);
			name = "[CP] Check Pods Manifest.lock";
			outputFileListPaths = (
			);
			outputPaths = (
				"$(DERIVED_FILE_DIR)/Pods-ShoppingAppTests-checkManifestLockResult.txt",
			);
			runOnlyForDeploymentPostprocessing = 0;
			shellPath = /bin/sh;
			shellScript = "diff \"${PODS_PODFILE_DIR_PATH}/Podfile.lock\" \"${PODS_ROOT}/Manifest.lock\" > /dev/null\nif [ $? != 0 ] ; then\n    # print error to STDERR\n    echo \"error: The sandbox is not in sync with the Podfile.lock. Run 'pod install' or update your CocoaPods installation.\" >&2\n    exit 1\nfi\n# This output is used by Xcode 'outputs' to avoid re-running this script phase.\necho \"SUCCESS\" > \"${SCRIPT_OUTPUT_FILE_0}\"\n";
			showEnvVarsInLog = 0;
		};
		F7D16A5BF2B265D59EBE7A3A /* [CP] Check Pods Manifest.lock */ = {
			isa = PBXShellScriptBuildPhase;
			buildActionMask = 2147483647;
			files = (
			);
			inputFileListPaths = (
			);
			inputPaths = (
				"${PODS_PODFILE_DIR_PATH}/Podfile.lock",
				"${PODS_ROOT}/Manifest.lock",
			);
			name = "[CP] Check Pods Manifest.lock";
			outputFileListPaths = (
			);
			outputPaths = (
				"$(DERIVED_FILE_DIR)/Pods-ShoppingApp-checkManifestLockResult.txt",
			);
			runOnlyForDeploymentPostprocessing = 0;
			shellPath = /bin/sh;
			shellScript = "diff \"${PODS_PODFILE_DIR_PATH}/Podfile.lock\" \"${PODS_ROOT}/Manifest.lock\" > /dev/null\nif [ $? != 0 ] ; then\n    # print error to STDERR\n    echo \"error: The sandbox is not in sync with the Podfile.lock. Run 'pod install' or update your CocoaPods installation.\" >&2\n    exit 1\nfi\n# This output is used by Xcode 'outputs' to avoid re-running this script phase.\necho \"SUCCESS\" > \"${SCRIPT_OUTPUT_FILE_0}\"\n";
			showEnvVarsInLog = 0;
		};
/* End PBXShellScriptBuildPhase section */

/* Begin PBXSourcesBuildPhase section */
		68593FCC2479935A00F45FA3 /* Sources */ = {
			isa = PBXSourcesBuildPhase;
			buildActionMask = 2147483647;
			files = (
				685940102479EF1A00F45FA3 /* Bindable.swift in Sources */,
				68594015247B197600F45FA3 /* Constants.swift in Sources */,
				68594017247B4C2D00F45FA3 /* ProductViewModel.swift in Sources */,
				6859400E2479EDA300F45FA3 /* SearchTableViewCell.swift in Sources */,
				685940072479A6D200F45FA3 /* SearchViewModel.swift in Sources */,
				6859400B2479BE7F00F45FA3 /* Product.swift in Sources */,
				685940012479A41A00F45FA3 /* SearchViewController.swift in Sources */,
				68593FD42479935A00F45FA3 /* AppDelegate.swift in Sources */,
				685940052479A52E00F45FA3 /* ProductDetailViewController.swift in Sources */,
				685940122479FEB300F45FA3 /* HomeViewController.swift in Sources */,
				685940092479BD9B00F45FA3 /* ApiService.swift in Sources */,
				68593FD62479935A00F45FA3 /* SceneDelegate.swift in Sources */,
			);
			runOnlyForDeploymentPostprocessing = 0;
		};
		68593FE22479935D00F45FA3 /* Sources */ = {
			isa = PBXSourcesBuildPhase;
			buildActionMask = 2147483647;
			files = (
				68593FEB2479935D00F45FA3 /* ShoppingAppTests.swift in Sources */,
			);
			runOnlyForDeploymentPostprocessing = 0;
		};
/* End PBXSourcesBuildPhase section */

/* Begin PBXTargetDependency section */
		68593FE82479935D00F45FA3 /* PBXTargetDependency */ = {
			isa = PBXTargetDependency;
			target = 68593FCF2479935A00F45FA3 /* ShoppingApp */;
			targetProxy = 68593FE72479935D00F45FA3 /* PBXContainerItemProxy */;
		};
/* End PBXTargetDependency section */

/* Begin PBXVariantGroup section */
		68593FD92479935A00F45FA3 /* Main.storyboard */ = {
			isa = PBXVariantGroup;
			children = (
				68593FDA2479935A00F45FA3 /* Base */,
			);
			name = Main.storyboard;
			sourceTree = "<group>";
		};
		68593FDE2479935D00F45FA3 /* LaunchScreen.storyboard */ = {
			isa = PBXVariantGroup;
			children = (
				68593FDF2479935D00F45FA3 /* Base */,
			);
			name = LaunchScreen.storyboard;
			sourceTree = "<group>";
		};
/* End PBXVariantGroup section */

/* Begin XCBuildConfiguration section */
		68593FED2479935D00F45FA3 /* Debug */ = {
			isa = XCBuildConfiguration;
			buildSettings = {
				ALWAYS_SEARCH_USER_PATHS = NO;
				CLANG_ANALYZER_NONNULL = YES;
				CLANG_ANALYZER_NUMBER_OBJECT_CONVERSION = YES_AGGRESSIVE;
				CLANG_CXX_LANGUAGE_STANDARD = "gnu++14";
				CLANG_CXX_LIBRARY = "libc++";
				CLANG_ENABLE_MODULES = YES;
				CLANG_ENABLE_OBJC_ARC = YES;
				CLANG_ENABLE_OBJC_WEAK = YES;
				CLANG_WARN_BLOCK_CAPTURE_AUTORELEASING = YES;
				CLANG_WARN_BOOL_CONVERSION = YES;
				CLANG_WARN_COMMA = YES;
				CLANG_WARN_CONSTANT_CONVERSION = YES;
				CLANG_WARN_DEPRECATED_OBJC_IMPLEMENTATIONS = YES;
				CLANG_WARN_DIRECT_OBJC_ISA_USAGE = YES_ERROR;
				CLANG_WARN_DOCUMENTATION_COMMENTS = YES;
				CLANG_WARN_EMPTY_BODY = YES;
				CLANG_WARN_ENUM_CONVERSION = YES;
				CLANG_WARN_INFINITE_RECURSION = YES;
				CLANG_WARN_INT_CONVERSION = YES;
				CLANG_WARN_NON_LITERAL_NULL_CONVERSION = YES;
				CLANG_WARN_OBJC_IMPLICIT_RETAIN_SELF = YES;
				CLANG_WARN_OBJC_LITERAL_CONVERSION = YES;
				CLANG_WARN_OBJC_ROOT_CLASS = YES_ERROR;
				CLANG_WARN_RANGE_LOOP_ANALYSIS = YES;
				CLANG_WARN_STRICT_PROTOTYPES = YES;
				CLANG_WARN_SUSPICIOUS_MOVE = YES;
				CLANG_WARN_UNGUARDED_AVAILABILITY = YES_AGGRESSIVE;
				CLANG_WARN_UNREACHABLE_CODE = YES;
				CLANG_WARN__DUPLICATE_METHOD_MATCH = YES;
				COPY_PHASE_STRIP = NO;
				DEBUG_INFORMATION_FORMAT = dwarf;
				ENABLE_STRICT_OBJC_MSGSEND = YES;
				ENABLE_TESTABILITY = YES;
				GCC_C_LANGUAGE_STANDARD = gnu11;
				GCC_DYNAMIC_NO_PIC = NO;
				GCC_NO_COMMON_BLOCKS = YES;
				GCC_OPTIMIZATION_LEVEL = 0;
				GCC_PREPROCESSOR_DEFINITIONS = (
					"DEBUG=1",
					"$(inherited)",
				);
				GCC_WARN_64_TO_32_BIT_CONVERSION = YES;
				GCC_WARN_ABOUT_RETURN_TYPE = YES_ERROR;
				GCC_WARN_UNDECLARED_SELECTOR = YES;
				GCC_WARN_UNINITIALIZED_AUTOS = YES_AGGRESSIVE;
				GCC_WARN_UNUSED_FUNCTION = YES;
				GCC_WARN_UNUSED_VARIABLE = YES;
				IPHONEOS_DEPLOYMENT_TARGET = 13.5;
				MTL_ENABLE_DEBUG_INFO = INCLUDE_SOURCE;
				MTL_FAST_MATH = YES;
				ONLY_ACTIVE_ARCH = YES;
				SDKROOT = iphoneos;
				SWIFT_ACTIVE_COMPILATION_CONDITIONS = DEBUG;
				SWIFT_OPTIMIZATION_LEVEL = "-Onone";
			};
			name = Debug;
		};
		68593FEE2479935D00F45FA3 /* Release */ = {
			isa = XCBuildConfiguration;
			buildSettings = {
				ALWAYS_SEARCH_USER_PATHS = NO;
				CLANG_ANALYZER_NONNULL = YES;
				CLANG_ANALYZER_NUMBER_OBJECT_CONVERSION = YES_AGGRESSIVE;
				CLANG_CXX_LANGUAGE_STANDARD = "gnu++14";
				CLANG_CXX_LIBRARY = "libc++";
				CLANG_ENABLE_MODULES = YES;
				CLANG_ENABLE_OBJC_ARC = YES;
				CLANG_ENABLE_OBJC_WEAK = YES;
				CLANG_WARN_BLOCK_CAPTURE_AUTORELEASING = YES;
				CLANG_WARN_BOOL_CONVERSION = YES;
				CLANG_WARN_COMMA = YES;
				CLANG_WARN_CONSTANT_CONVERSION = YES;
				CLANG_WARN_DEPRECATED_OBJC_IMPLEMENTATIONS = YES;
				CLANG_WARN_DIRECT_OBJC_ISA_USAGE = YES_ERROR;
				CLANG_WARN_DOCUMENTATION_COMMENTS = YES;
				CLANG_WARN_EMPTY_BODY = YES;
				CLANG_WARN_ENUM_CONVERSION = YES;
				CLANG_WARN_INFINITE_RECURSION = YES;
				CLANG_WARN_INT_CONVERSION = YES;
				CLANG_WARN_NON_LITERAL_NULL_CONVERSION = YES;
				CLANG_WARN_OBJC_IMPLICIT_RETAIN_SELF = YES;
				CLANG_WARN_OBJC_LITERAL_CONVERSION = YES;
				CLANG_WARN_OBJC_ROOT_CLASS = YES_ERROR;
				CLANG_WARN_RANGE_LOOP_ANALYSIS = YES;
				CLANG_WARN_STRICT_PROTOTYPES = YES;
				CLANG_WARN_SUSPICIOUS_MOVE = YES;
				CLANG_WARN_UNGUARDED_AVAILABILITY = YES_AGGRESSIVE;
				CLANG_WARN_UNREACHABLE_CODE = YES;
				CLANG_WARN__DUPLICATE_METHOD_MATCH = YES;
				COPY_PHASE_STRIP = NO;
				DEBUG_INFORMATION_FORMAT = "dwarf-with-dsym";
				ENABLE_NS_ASSERTIONS = NO;
				ENABLE_STRICT_OBJC_MSGSEND = YES;
				GCC_C_LANGUAGE_STANDARD = gnu11;
				GCC_NO_COMMON_BLOCKS = YES;
				GCC_WARN_64_TO_32_BIT_CONVERSION = YES;
				GCC_WARN_ABOUT_RETURN_TYPE = YES_ERROR;
				GCC_WARN_UNDECLARED_SELECTOR = YES;
				GCC_WARN_UNINITIALIZED_AUTOS = YES_AGGRESSIVE;
				GCC_WARN_UNUSED_FUNCTION = YES;
				GCC_WARN_UNUSED_VARIABLE = YES;
				IPHONEOS_DEPLOYMENT_TARGET = 13.5;
				MTL_ENABLE_DEBUG_INFO = NO;
				MTL_FAST_MATH = YES;
				SDKROOT = iphoneos;
				SWIFT_COMPILATION_MODE = wholemodule;
				SWIFT_OPTIMIZATION_LEVEL = "-O";
				VALIDATE_PRODUCT = YES;
			};
			name = Release;
		};
		68593FF02479935D00F45FA3 /* Debug */ = {
			isa = XCBuildConfiguration;
			baseConfigurationReference = C0388E4C3484CD3A503635C8 /* Pods-ShoppingApp.debug.xcconfig */;
			buildSettings = {
				ASSETCATALOG_COMPILER_APPICON_NAME = AppIcon;
				CODE_SIGN_STYLE = Automatic;
				INFOPLIST_FILE = "ShoppingApp/Supporting Files/Info.plist";
				IPHONEOS_DEPLOYMENT_TARGET = 10.0;
				LD_RUNPATH_SEARCH_PATHS = (
					"$(inherited)",
					"@executable_path/Frameworks",
				);
				MARKETING_VERSION = 1.0.0;
				PRODUCT_BUNDLE_IDENTIFIER = com.jgarcia.ShoppingApp;
				PRODUCT_NAME = "$(TARGET_NAME)";
				SWIFT_VERSION = 5.0;
				TARGETED_DEVICE_FAMILY = 1;
			};
			name = Debug;
		};
		68593FF12479935D00F45FA3 /* Release */ = {
			isa = XCBuildConfiguration;
			baseConfigurationReference = CD54E3D7426CEB823E946A5E /* Pods-ShoppingApp.release.xcconfig */;
			buildSettings = {
				ASSETCATALOG_COMPILER_APPICON_NAME = AppIcon;
				CODE_SIGN_STYLE = Automatic;
				INFOPLIST_FILE = "ShoppingApp/Supporting Files/Info.plist";
				IPHONEOS_DEPLOYMENT_TARGET = 10.0;
				LD_RUNPATH_SEARCH_PATHS = (
					"$(inherited)",
					"@executable_path/Frameworks",
				);
				MARKETING_VERSION = 1.0.0;
				PRODUCT_BUNDLE_IDENTIFIER = com.jgarcia.ShoppingApp;
				PRODUCT_NAME = "$(TARGET_NAME)";
				SWIFT_VERSION = 5.0;
				TARGETED_DEVICE_FAMILY = 1;
			};
			name = Release;
		};
		68593FF32479935D00F45FA3 /* Debug */ = {
			isa = XCBuildConfiguration;
			baseConfigurationReference = EDB95537A181682F6E16FEBD /* Pods-ShoppingAppTests.debug.xcconfig */;
			buildSettings = {
				ALWAYS_EMBED_SWIFT_STANDARD_LIBRARIES = YES;
				BUNDLE_LOADER = "$(TEST_HOST)";
				CODE_SIGN_STYLE = Automatic;
				INFOPLIST_FILE = ShoppingAppTests/Info.plist;
				IPHONEOS_DEPLOYMENT_TARGET = 13.5;
				LD_RUNPATH_SEARCH_PATHS = (
					"$(inherited)",
					"@executable_path/Frameworks",
					"@loader_path/Frameworks",
				);
				PRODUCT_BUNDLE_IDENTIFIER = com.jgarcia.ShoppingAppTests;
				PRODUCT_NAME = "$(TARGET_NAME)";
				SWIFT_VERSION = 5.0;
				TARGETED_DEVICE_FAMILY = "1,2";
				TEST_HOST = "$(BUILT_PRODUCTS_DIR)/ShoppingApp.app/ShoppingApp";
			};
			name = Debug;
		};
		68593FF42479935D00F45FA3 /* Release */ = {
			isa = XCBuildConfiguration;
			baseConfigurationReference = 35CA204F46C3E8DEBA5A0613 /* Pods-ShoppingAppTests.release.xcconfig */;
			buildSettings = {
				ALWAYS_EMBED_SWIFT_STANDARD_LIBRARIES = YES;
				BUNDLE_LOADER = "$(TEST_HOST)";
				CODE_SIGN_STYLE = Automatic;
				INFOPLIST_FILE = ShoppingAppTests/Info.plist;
				IPHONEOS_DEPLOYMENT_TARGET = 13.5;
				LD_RUNPATH_SEARCH_PATHS = (
					"$(inherited)",
					"@executable_path/Frameworks",
					"@loader_path/Frameworks",
				);
				PRODUCT_BUNDLE_IDENTIFIER = com.jgarcia.ShoppingAppTests;
				PRODUCT_NAME = "$(TARGET_NAME)";
				SWIFT_VERSION = 5.0;
				TARGETED_DEVICE_FAMILY = "1,2";
				TEST_HOST = "$(BUILT_PRODUCTS_DIR)/ShoppingApp.app/ShoppingApp";
			};
			name = Release;
		};
/* End XCBuildConfiguration section */

/* Begin XCConfigurationList section */
		68593FCB2479935A00F45FA3 /* Build configuration list for PBXProject "ShoppingApp" */ = {
			isa = XCConfigurationList;
			buildConfigurations = (
				68593FED2479935D00F45FA3 /* Debug */,
				68593FEE2479935D00F45FA3 /* Release */,
			);
			defaultConfigurationIsVisible = 0;
			defaultConfigurationName = Release;
		};
		68593FEF2479935D00F45FA3 /* Build configuration list for PBXNativeTarget "ShoppingApp" */ = {
			isa = XCConfigurationList;
			buildConfigurations = (
				68593FF02479935D00F45FA3 /* Debug */,
				68593FF12479935D00F45FA3 /* Release */,
			);
			defaultConfigurationIsVisible = 0;
			defaultConfigurationName = Release;
		};
		68593FF22479935D00F45FA3 /* Build configuration list for PBXNativeTarget "ShoppingAppTests" */ = {
			isa = XCConfigurationList;
			buildConfigurations = (
				68593FF32479935D00F45FA3 /* Debug */,
				68593FF42479935D00F45FA3 /* Release */,
			);
			defaultConfigurationIsVisible = 0;
			defaultConfigurationName = Release;
		};
/* End XCConfigurationList section */
	};
	rootObject = 68593FC82479935A00F45FA3 /* Project object */;
}
